
Microsoft Visual Studio Solution File, Format Version 12.00
# Visual Studio Version 17
VisualStudioVersion = 17.5.002.0
MinimumVisualStudioVersion = 10.0.40219.1
Project("{9A19103F-16F7-4668-BE54-9A1E7A4F7556}") = "FastemsBerget", "FastemsBerget.csproj", "{73CD22DC-EB8A-48A5-AB04-9610E3DFAF8B}"
EndProject
Global
	GlobalSection(SolutionConfigurationPlatforms) = preSolution
		Debug|Any CPU = Debug|Any CPU
		Release|Any CPU = Release|Any CPU
	EndGlobalSection
	GlobalSection(ProjectConfigurationPlatforms) = postSolution
		{73CD22DC-EB8A-48A5-AB04-9610E3DFAF8B}.Debug|Any CPU.ActiveCfg = Debug|Any CPU
		{73CD22DC-EB8A-48A5-AB04-9610E3DFAF8B}.Debug|Any CPU.Build.0 = Debug|Any CPU
		{73CD22DC-EB8A-48A5-AB04-9610E3DFAF8B}.Release|Any CPU.ActiveCfg = Release|Any CPU
		{73CD22DC-EB8A-48A5-AB04-9610E3DFAF8B}.Release|Any CPU.Build.0 = Release|Any CPU
	EndGlobalSection
	GlobalSection(SolutionProperties) = preSolution
		HideSolutionNode = FALSE
	EndGlobalSection
	GlobalSection(ExtensibilityGlobals) = postSolution
		SolutionGuid = {1DA8FA46-5C07-4CB0-8974-41771643BC20}
	EndGlobalSection
EndGlobal
